
Microsoft Visual Studio Solution File, Format Version 12.00
# Visual Studio Version 16
VisualStudioVersion = 16.0.30011.22
MinimumVisualStudioVersion = 10.0.40219.1
Project("{9A19103F-16F7-4668-BE54-9A1E7A4F7556}") = "TidePortal.Api", "TidePortal.Api\TidePortal.Api.csproj", "{A8659E24-E4DA-4D7C-8825-1739C91FD741}"
EndProject
Project("{9A19103F-16F7-4668-BE54-9A1E7A4F7556}") = "TidePortal.Common", "TidePortal.Common\TidePortal.Common.csproj", "{ADF64550-BCE7-4750-BF20-03BAB9A334C7}"
EndProject
Project("{FAE04EC0-301F-11D3-BF4B-00C04F79EFBC}") = "TidePortal.Core", "TidePortal.Core\TidePortal.Core.csproj", "{5186DB81-4640-4690-B4F6-DC8C296373D9}"
EndProject
Project("{FAE04EC0-301F-11D3-BF4B-00C04F79EFBC}") = "TidePortal.Entity", "TidePortal.Entity\TidePortal.Entity.csproj", "{8668CA86-735A-4431-A6D4-0E34A75DB76A}"
EndProject
Global
	GlobalSection(SolutionConfigurationPlatforms) = preSolution
		Debug|Any CPU = Debug|Any CPU
		Release|Any CPU = Release|Any CPU
	EndGlobalSection
	GlobalSection(ProjectConfigurationPlatforms) = postSolution
		{A8659E24-E4DA-4D7C-8825-1739C91FD741}.Debug|Any CPU.ActiveCfg = Debug|Any CPU
		{A8659E24-E4DA-4D7C-8825-1739C91FD741}.Debug|Any CPU.Build.0 = Debug|Any CPU
		{A8659E24-E4DA-4D7C-8825-1739C91FD741}.Release|Any CPU.ActiveCfg = Release|Any CPU
		{A8659E24-E4DA-4D7C-8825-1739C91FD741}.Release|Any CPU.Build.0 = Release|Any CPU
		{ADF64550-BCE7-4750-BF20-03BAB9A334C7}.Debug|Any CPU.ActiveCfg = Debug|Any CPU
		{ADF64550-BCE7-4750-BF20-03BAB9A334C7}.Debug|Any CPU.Build.0 = Debug|Any CPU
		{ADF64550-BCE7-4750-BF20-03BAB9A334C7}.Release|Any CPU.ActiveCfg = Release|Any CPU
		{ADF64550-BCE7-4750-BF20-03BAB9A334C7}.Release|Any CPU.Build.0 = Release|Any CPU
		{5186DB81-4640-4690-B4F6-DC8C296373D9}.Debug|Any CPU.ActiveCfg = Debug|Any CPU
		{5186DB81-4640-4690-B4F6-DC8C296373D9}.Debug|Any CPU.Build.0 = Debug|Any CPU
		{5186DB81-4640-4690-B4F6-DC8C296373D9}.Release|Any CPU.ActiveCfg = Release|Any CPU
		{5186DB81-4640-4690-B4F6-DC8C296373D9}.Release|Any CPU.Build.0 = Release|Any CPU
		{8668CA86-735A-4431-A6D4-0E34A75DB76A}.Debug|Any CPU.ActiveCfg = Debug|Any CPU
		{8668CA86-735A-4431-A6D4-0E34A75DB76A}.Debug|Any CPU.Build.0 = Debug|Any CPU
		{8668CA86-735A-4431-A6D4-0E34A75DB76A}.Release|Any CPU.ActiveCfg = Release|Any CPU
		{8668CA86-735A-4431-A6D4-0E34A75DB76A}.Release|Any CPU.Build.0 = Release|Any CPU
	EndGlobalSection
	GlobalSection(SolutionProperties) = preSolution
		HideSolutionNode = FALSE
	EndGlobalSection
	GlobalSection(ExtensibilityGlobals) = postSolution
		SolutionGuid = {0DD51328-E718-4F65-A225-0A3E248C5452}
	EndGlobalSection
EndGlobal
